// !$*UTF8*$!
{
	archiveVersion = 1;
	classes = {
	};
	objectVersion = 55;
	objects = {

/* Begin PBXBuildFile section */
		674EEEF627A64F4A00181225 /* AlertViewGenerate.swift in Sources */ = {isa = PBXBuildFile; fileRef = 674EEEF527A64F4A00181225 /* AlertViewGenerate.swift */; };
		674EEEFA27A6501300181225 /* AlertIdentifier.swift in Sources */ = {isa = PBXBuildFile; fileRef = 674EEEF927A6501300181225 /* AlertIdentifier.swift */; };
		674EEEFD27A6800A00181225 /* UINavigation+Extensions.swift in Sources */ = {isa = PBXBuildFile; fileRef = 674EEEFC27A6800A00181225 /* UINavigation+Extensions.swift */; };
		674EEEFF27A68E9D00181225 /* NoteModel.swift in Sources */ = {isa = PBXBuildFile; fileRef = 674EEEFE27A68E9D00181225 /* NoteModel.swift */; };
		674EEF0127A690E500181225 /* NoteTableViewCell.swift in Sources */ = {isa = PBXBuildFile; fileRef = 674EEF0027A690E500181225 /* NoteTableViewCell.swift */; };
		674EEF0827A7927400181225 /* ScreenTitles.swift in Sources */ = {isa = PBXBuildFile; fileRef = 674EEF0727A7927400181225 /* ScreenTitles.swift */; };
		674EEF0A27A7961A00181225 /* CellIdentifier.swift in Sources */ = {isa = PBXBuildFile; fileRef = 674EEF0927A7961A00181225 /* CellIdentifier.swift */; };
		675527DC27A929E400F9C443 /* NoteListRouter.swift in Sources */ = {isa = PBXBuildFile; fileRef = 675527D927A929E400F9C443 /* NoteListRouter.swift */; };
		675527DD27A929E400F9C443 /* NoteListViewController.swift in Sources */ = {isa = PBXBuildFile; fileRef = 675527DA27A929E400F9C443 /* NoteListViewController.swift */; };
		675527DE27A929E400F9C443 /* NoteListViewModel.swift in Sources */ = {isa = PBXBuildFile; fileRef = 675527DB27A929E400F9C443 /* NoteListViewModel.swift */; };
		675527E227A9893A00F9C443 /* AddNoteRouter.swift in Sources */ = {isa = PBXBuildFile; fileRef = 675527DF27A9893A00F9C443 /* AddNoteRouter.swift */; };
		675527E327A9893A00F9C443 /* AddNoteViewController.swift in Sources */ = {isa = PBXBuildFile; fileRef = 675527E027A9893A00F9C443 /* AddNoteViewController.swift */; };
		675527E427A9893A00F9C443 /* AddNoteViewModel.swift in Sources */ = {isa = PBXBuildFile; fileRef = 675527E127A9893A00F9C443 /* AddNoteViewModel.swift */; };
		675527FB27A9D49D00F9C443 /* Animator.swift in Sources */ = {isa = PBXBuildFile; fileRef = 675527F227A9D49D00F9C443 /* Animator.swift */; };
		675527FC27A9D49D00F9C443 /* BaseViewModel.swift in Sources */ = {isa = PBXBuildFile; fileRef = 675527F327A9D49D00F9C443 /* BaseViewModel.swift */; };
		675527FD27A9D49D00F9C443 /* BaseViewController.swift in Sources */ = {isa = PBXBuildFile; fileRef = 675527F427A9D49D00F9C443 /* BaseViewController.swift */; };
		675527FE27A9D49D00F9C443 /* PushTransition.swift in Sources */ = {isa = PBXBuildFile; fileRef = 675527F527A9D49D00F9C443 /* PushTransition.swift */; };
		675527FF27A9D49D00F9C443 /* PlaceOnWindowTransition.swift in Sources */ = {isa = PBXBuildFile; fileRef = 675527F627A9D49D00F9C443 /* PlaceOnWindowTransition.swift */; };
		6755280027A9D49D00F9C443 /* Transition.swift in Sources */ = {isa = PBXBuildFile; fileRef = 675527F727A9D49D00F9C443 /* Transition.swift */; };
		6755280127A9D49D00F9C443 /* BaseRouter.swift in Sources */ = {isa = PBXBuildFile; fileRef = 675527F827A9D49D00F9C443 /* BaseRouter.swift */; };
		6755280227A9D49D00F9C443 /* ModalTransition.swift in Sources */ = {isa = PBXBuildFile; fileRef = 675527F927A9D49D00F9C443 /* ModalTransition.swift */; };
		6755280327A9D49D00F9C443 /* Router.swift in Sources */ = {isa = PBXBuildFile; fileRef = 675527FA27A9D49D00F9C443 /* Router.swift */; };
		6755280527A9D5E200F9C443 /* AddNoteRoute.swift in Sources */ = {isa = PBXBuildFile; fileRef = 6755280427A9D5E200F9C443 /* AddNoteRoute.swift */; };
		6755280727AACFA000F9C443 /* NoteTableViewCellViewModel.swift in Sources */ = {isa = PBXBuildFile; fileRef = 6755280627AACFA000F9C443 /* NoteTableViewCellViewModel.swift */; };
		67AF101B27A3F6EE009F6DED /* AppDelegate.swift in Sources */ = {isa = PBXBuildFile; fileRef = 67AF101A27A3F6EE009F6DED /* AppDelegate.swift */; };
		67AF101D27A3F6EE009F6DED /* SceneDelegate.swift in Sources */ = {isa = PBXBuildFile; fileRef = 67AF101C27A3F6EE009F6DED /* SceneDelegate.swift */; };
		67AF102427A3F6EF009F6DED /* Assets.xcassets in Resources */ = {isa = PBXBuildFile; fileRef = 67AF102327A3F6EF009F6DED /* Assets.xcassets */; };
		67AF103227A3F6EF009F6DED /* Week16Tests.swift in Sources */ = {isa = PBXBuildFile; fileRef = 67AF103127A3F6EF009F6DED /* Week16Tests.swift */; };
		67AF103C27A3F6EF009F6DED /* Week16UITests.swift in Sources */ = {isa = PBXBuildFile; fileRef = 67AF103B27A3F6EF009F6DED /* Week16UITests.swift */; };
		67AF103E27A3F6EF009F6DED /* Week16UITestsLaunchTests.swift in Sources */ = {isa = PBXBuildFile; fileRef = 67AF103D27A3F6EF009F6DED /* Week16UITestsLaunchTests.swift */; };
		67AF104C27A3F752009F6DED /* TinyConstraints in Frameworks */ = {isa = PBXBuildFile; productRef = 67AF104B27A3F752009F6DED /* TinyConstraints */; };
		67AF104F27A3F75C009F6DED /* MobilliumBuilders in Frameworks */ = {isa = PBXBuildFile; productRef = 67AF104E27A3F75C009F6DED /* MobilliumBuilders */; };
/* End PBXBuildFile section */

/* Begin PBXContainerItemProxy section */
		67AF102E27A3F6EF009F6DED /* PBXContainerItemProxy */ = {
			isa = PBXContainerItemProxy;
			containerPortal = 67AF100F27A3F6EE009F6DED /* Project object */;
			proxyType = 1;
			remoteGlobalIDString = 67AF101627A3F6EE009F6DED;
			remoteInfo = Week16;
		};
		67AF103827A3F6EF009F6DED /* PBXContainerItemProxy */ = {
			isa = PBXContainerItemProxy;
			containerPortal = 67AF100F27A3F6EE009F6DED /* Project object */;
			proxyType = 1;
			remoteGlobalIDString = 67AF101627A3F6EE009F6DED;
			remoteInfo = Week16;
		};
/* End PBXContainerItemProxy section */

/* Begin PBXFileReference section */
		674EEEF527A64F4A00181225 /* AlertViewGenerate.swift */ = {isa = PBXFileReference; lastKnownFileType = sourcecode.swift; path = AlertViewGenerate.swift; sourceTree = "<group>"; };
		674EEEF927A6501300181225 /* AlertIdentifier.swift */ = {isa = PBXFileReference; lastKnownFileType = sourcecode.swift; path = AlertIdentifier.swift; sourceTree = "<group>"; };
		674EEEFC27A6800A00181225 /* UINavigation+Extensions.swift */ = {isa = PBXFileReference; lastKnownFileType = sourcecode.swift; path = "UINavigation+Extensions.swift"; sourceTree = "<group>"; };
		674EEEFE27A68E9D00181225 /* NoteModel.swift */ = {isa = PBXFileReference; lastKnownFileType = sourcecode.swift; path = NoteModel.swift; sourceTree = "<group>"; };
		674EEF0027A690E500181225 /* NoteTableViewCell.swift */ = {isa = PBXFileReference; lastKnownFileType = sourcecode.swift; path = NoteTableViewCell.swift; sourceTree = "<group>"; };
		674EEF0727A7927400181225 /* ScreenTitles.swift */ = {isa = PBXFileReference; lastKnownFileType = sourcecode.swift; path = ScreenTitles.swift; sourceTree = "<group>"; };
		674EEF0927A7961A00181225 /* CellIdentifier.swift */ = {isa = PBXFileReference; lastKnownFileType = sourcecode.swift; path = CellIdentifier.swift; sourceTree = "<group>"; };
		675527D927A929E400F9C443 /* NoteListRouter.swift */ = {isa = PBXFileReference; lastKnownFileType = sourcecode.swift; path = NoteListRouter.swift; sourceTree = "<group>"; };
		675527DA27A929E400F9C443 /* NoteListViewController.swift */ = {isa = PBXFileReference; lastKnownFileType = sourcecode.swift; path = NoteListViewController.swift; sourceTree = "<group>"; };
		675527DB27A929E400F9C443 /* NoteListViewModel.swift */ = {isa = PBXFileReference; lastKnownFileType = sourcecode.swift; path = NoteListViewModel.swift; sourceTree = "<group>"; };
		675527DF27A9893A00F9C443 /* AddNoteRouter.swift */ = {isa = PBXFileReference; lastKnownFileType = sourcecode.swift; path = AddNoteRouter.swift; sourceTree = "<group>"; };
		675527E027A9893A00F9C443 /* AddNoteViewController.swift */ = {isa = PBXFileReference; lastKnownFileType = sourcecode.swift; path = AddNoteViewController.swift; sourceTree = "<group>"; };
		675527E127A9893A00F9C443 /* AddNoteViewModel.swift */ = {isa = PBXFileReference; lastKnownFileType = sourcecode.swift; path = AddNoteViewModel.swift; sourceTree = "<group>"; };
		675527F227A9D49D00F9C443 /* Animator.swift */ = {isa = PBXFileReference; fileEncoding = 4; lastKnownFileType = sourcecode.swift; path = Animator.swift; sourceTree = "<group>"; };
		675527F327A9D49D00F9C443 /* BaseViewModel.swift */ = {isa = PBXFileReference; fileEncoding = 4; lastKnownFileType = sourcecode.swift; path = BaseViewModel.swift; sourceTree = "<group>"; };
		675527F427A9D49D00F9C443 /* BaseViewController.swift */ = {isa = PBXFileReference; fileEncoding = 4; lastKnownFileType = sourcecode.swift; path = BaseViewController.swift; sourceTree = "<group>"; };
		675527F527A9D49D00F9C443 /* PushTransition.swift */ = {isa = PBXFileReference; fileEncoding = 4; lastKnownFileType = sourcecode.swift; path = PushTransition.swift; sourceTree = "<group>"; };
		675527F627A9D49D00F9C443 /* PlaceOnWindowTransition.swift */ = {isa = PBXFileReference; fileEncoding = 4; lastKnownFileType = sourcecode.swift; path = PlaceOnWindowTransition.swift; sourceTree = "<group>"; };
		675527F727A9D49D00F9C443 /* Transition.swift */ = {isa = PBXFileReference; fileEncoding = 4; lastKnownFileType = sourcecode.swift; path = Transition.swift; sourceTree = "<group>"; };
		675527F827A9D49D00F9C443 /* BaseRouter.swift */ = {isa = PBXFileReference; fileEncoding = 4; lastKnownFileType = sourcecode.swift; path = BaseRouter.swift; sourceTree = "<group>"; };
		675527F927A9D49D00F9C443 /* ModalTransition.swift */ = {isa = PBXFileReference; fileEncoding = 4; lastKnownFileType = sourcecode.swift; path = ModalTransition.swift; sourceTree = "<group>"; };
		675527FA27A9D49D00F9C443 /* Router.swift */ = {isa = PBXFileReference; fileEncoding = 4; lastKnownFileType = sourcecode.swift; path = Router.swift; sourceTree = "<group>"; };
		6755280427A9D5E200F9C443 /* AddNoteRoute.swift */ = {isa = PBXFileReference; lastKnownFileType = sourcecode.swift; path = AddNoteRoute.swift; sourceTree = "<group>"; };
		6755280627AACFA000F9C443 /* NoteTableViewCellViewModel.swift */ = {isa = PBXFileReference; lastKnownFileType = sourcecode.swift; path = NoteTableViewCellViewModel.swift; sourceTree = "<group>"; };
		67AF101727A3F6EE009F6DED /* Week16.app */ = {isa = PBXFileReference; explicitFileType = wrapper.application; includeInIndex = 0; path = Week16.app; sourceTree = BUILT_PRODUCTS_DIR; };
		67AF101A27A3F6EE009F6DED /* AppDelegate.swift */ = {isa = PBXFileReference; lastKnownFileType = sourcecode.swift; path = AppDelegate.swift; sourceTree = "<group>"; };
		67AF101C27A3F6EE009F6DED /* SceneDelegate.swift */ = {isa = PBXFileReference; lastKnownFileType = sourcecode.swift; path = SceneDelegate.swift; sourceTree = "<group>"; };
		67AF102327A3F6EF009F6DED /* Assets.xcassets */ = {isa = PBXFileReference; lastKnownFileType = folder.assetcatalog; path = Assets.xcassets; sourceTree = "<group>"; };
		67AF102827A3F6EF009F6DED /* Info.plist */ = {isa = PBXFileReference; lastKnownFileType = text.plist.xml; path = Info.plist; sourceTree = "<group>"; };
		67AF102D27A3F6EF009F6DED /* Week16Tests.xctest */ = {isa = PBXFileReference; explicitFileType = wrapper.cfbundle; includeInIndex = 0; path = Week16Tests.xctest; sourceTree = BUILT_PRODUCTS_DIR; };
		67AF103127A3F6EF009F6DED /* Week16Tests.swift */ = {isa = PBXFileReference; lastKnownFileType = sourcecode.swift; path = Week16Tests.swift; sourceTree = "<group>"; };
		67AF103727A3F6EF009F6DED /* Week16UITests.xctest */ = {isa = PBXFileReference; explicitFileType = wrapper.cfbundle; includeInIndex = 0; path = Week16UITests.xctest; sourceTree = BUILT_PRODUCTS_DIR; };
		67AF103B27A3F6EF009F6DED /* Week16UITests.swift */ = {isa = PBXFileReference; lastKnownFileType = sourcecode.swift; path = Week16UITests.swift; sourceTree = "<group>"; };
		67AF103D27A3F6EF009F6DED /* Week16UITestsLaunchTests.swift */ = {isa = PBXFileReference; lastKnownFileType = sourcecode.swift; path = Week16UITestsLaunchTests.swift; sourceTree = "<group>"; };
/* End PBXFileReference section */

/* Begin PBXFrameworksBuildPhase section */
		67AF101427A3F6EE009F6DED /* Frameworks */ = {
			isa = PBXFrameworksBuildPhase;
			buildActionMask = 2147483647;
			files = (
				67AF104C27A3F752009F6DED /* TinyConstraints in Frameworks */,
				67AF104F27A3F75C009F6DED /* MobilliumBuilders in Frameworks */,
			);
			runOnlyForDeploymentPostprocessing = 0;
		};
		67AF102A27A3F6EF009F6DED /* Frameworks */ = {
			isa = PBXFrameworksBuildPhase;
			buildActionMask = 2147483647;
			files = (
			);
			runOnlyForDeploymentPostprocessing = 0;
		};
		67AF103427A3F6EF009F6DED /* Frameworks */ = {
			isa = PBXFrameworksBuildPhase;
			buildActionMask = 2147483647;
			files = (
			);
			runOnlyForDeploymentPostprocessing = 0;
		};
/* End PBXFrameworksBuildPhase section */

/* Begin PBXGroup section */
		674EEEEE27A61E6100181225 /* Cell */ = {
			isa = PBXGroup;
			children = (
				67A364E927AD53D500939481 /* NoteTableViewCell */,
			);
			path = Cell;
			sourceTree = "<group>";
		};
		674EEEEF27A61E6500181225 /* Resources */ = {
			isa = PBXGroup;
			children = (
				67AF102327A3F6EF009F6DED /* Assets.xcassets */,
			);
			path = Resources;
			sourceTree = "<group>";
		};
		674EEEF127A61E9100181225 /* Scenes */ = {
			isa = PBXGroup;
			children = (
				67A364E627AD50BA00939481 /* Base */,
				675527D727A9292500F9C443 /* NoteList */,
				675527D827A9293A00F9C443 /* AddNote */,
			);
			path = Scenes;
			sourceTree = "<group>";
		};
		674EEEF227A6207900181225 /* Model */ = {
			isa = PBXGroup;
			children = (
				674EEEFE27A68E9D00181225 /* NoteModel.swift */,
			);
			path = Model;
			sourceTree = "<group>";
		};
		674EEEF427A64F2500181225 /* Helper */ = {
			isa = PBXGroup;
			children = (
				674EEEF527A64F4A00181225 /* AlertViewGenerate.swift */,
			);
			path = Helper;
			sourceTree = "<group>";
		};
		674EEEF827A64FF100181225 /* Constants */ = {
			isa = PBXGroup;
			children = (
				674EEEF927A6501300181225 /* AlertIdentifier.swift */,
				674EEF0727A7927400181225 /* ScreenTitles.swift */,
				674EEF0927A7961A00181225 /* CellIdentifier.swift */,
			);
			path = Constants;
			sourceTree = "<group>";
		};
		675527D727A9292500F9C443 /* NoteList */ = {
			isa = PBXGroup;
			children = (
				675527D927A929E400F9C443 /* NoteListRouter.swift */,
				675527DA27A929E400F9C443 /* NoteListViewController.swift */,
				675527DB27A929E400F9C443 /* NoteListViewModel.swift */,
			);
			path = NoteList;
			sourceTree = "<group>";
		};
		675527D827A9293A00F9C443 /* AddNote */ = {
			isa = PBXGroup;
			children = (
				6755280427A9D5E200F9C443 /* AddNoteRoute.swift */,
				675527DF27A9893A00F9C443 /* AddNoteRouter.swift */,
				675527E027A9893A00F9C443 /* AddNoteViewController.swift */,
				675527E127A9893A00F9C443 /* AddNoteViewModel.swift */,
			);
			path = AddNote;
			sourceTree = "<group>";
		};
		67A364B027AD472F00939481 /* AppDelegate */ = {
			isa = PBXGroup;
			children = (
				67AF101A27A3F6EE009F6DED /* AppDelegate.swift */,
				67AF101C27A3F6EE009F6DED /* SceneDelegate.swift */,
			);
			path = AppDelegate;
			sourceTree = "<group>";
		};
		67A364DE27AD4E3400939481 /* Configurations */ = {
			isa = PBXGroup;
			children = (
				67A364DF27AD4E4B00939481 /* Release */,
			);
			path = Configurations;
			sourceTree = "<group>";
		};
		67A364DF27AD4E4B00939481 /* Release */ = {
			isa = PBXGroup;
			children = (
				67AF102827A3F6EF009F6DED /* Info.plist */,
			);
			path = Release;
			sourceTree = "<group>";
		};
		67A364E027AD4FA300939481 /* Routing */ = {
			isa = PBXGroup;
			children = (
				67A364E127AD4FB400939481 /* Core */,
				67A364E227AD4FF400939481 /* Routers */,
				67A364E327AD501400939481 /* Routes */,
				67A364E427AD502100939481 /* Transitions */,
			);
			path = Routing;
			sourceTree = "<group>";
		};
		67A364E127AD4FB400939481 /* Core */ = {
			isa = PBXGroup;
			children = (
				675527F227A9D49D00F9C443 /* Animator.swift */,
				675527FA27A9D49D00F9C443 /* Router.swift */,
			);
			path = Core;
			sourceTree = "<group>";
		};
		67A364E227AD4FF400939481 /* Routers */ = {
			isa = PBXGroup;
			children = (
			);
			path = Routers;
			sourceTree = "<group>";
		};
		67A364E327AD501400939481 /* Routes */ = {
			isa = PBXGroup;
			children = (
			);
			path = Routes;
			sourceTree = "<group>";
		};
		67A364E427AD502100939481 /* Transitions */ = {
			isa = PBXGroup;
			children = (
				675527F927A9D49D00F9C443 /* ModalTransition.swift */,
				675527F627A9D49D00F9C443 /* PlaceOnWindowTransition.swift */,
				675527F527A9D49D00F9C443 /* PushTransition.swift */,
				675527F727A9D49D00F9C443 /* Transition.swift */,
			);
			path = Transitions;
			sourceTree = "<group>";
		};
		67A364E627AD50BA00939481 /* Base */ = {
			isa = PBXGroup;
			children = (
				675527F827A9D49D00F9C443 /* BaseRouter.swift */,
				675527F427A9D49D00F9C443 /* BaseViewController.swift */,
				675527F327A9D49D00F9C443 /* BaseViewModel.swift */,
			);
			path = Base;
			sourceTree = "<group>";
		};
		67A364E827AD530600939481 /* Extensions */ = {
			isa = PBXGroup;
			children = (
				674EEEFC27A6800A00181225 /* UINavigation+Extensions.swift */,
			);
			path = Extensions;
			sourceTree = "<group>";
		};
		67A364E927AD53D500939481 /* NoteTableViewCell */ = {
			isa = PBXGroup;
			children = (
				674EEF0027A690E500181225 /* NoteTableViewCell.swift */,
				6755280627AACFA000F9C443 /* NoteTableViewCellViewModel.swift */,
			);
			path = NoteTableViewCell;
			sourceTree = "<group>";
		};
		67AF100E27A3F6EE009F6DED = {
			isa = PBXGroup;
			children = (
				67AF101927A3F6EE009F6DED /* Week16 */,
				67AF103027A3F6EF009F6DED /* Week16Tests */,
				67AF103A27A3F6EF009F6DED /* Week16UITests */,
				67AF101827A3F6EE009F6DED /* Products */,
			);
			sourceTree = "<group>";
		};
		67AF101827A3F6EE009F6DED /* Products */ = {
			isa = PBXGroup;
			children = (
				67AF101727A3F6EE009F6DED /* Week16.app */,
				67AF102D27A3F6EF009F6DED /* Week16Tests.xctest */,
				67AF103727A3F6EF009F6DED /* Week16UITests.xctest */,
			);
			name = Products;
			sourceTree = "<group>";
		};
		67AF101927A3F6EE009F6DED /* Week16 */ = {
			isa = PBXGroup;
			children = (
				67A364B027AD472F00939481 /* AppDelegate */,
				674EEEEE27A61E6100181225 /* Cell */,
				67A364DE27AD4E3400939481 /* Configurations */,
				674EEEF827A64FF100181225 /* Constants */,
				67A364E827AD530600939481 /* Extensions */,
				674EEEF427A64F2500181225 /* Helper */,
				674EEEF227A6207900181225 /* Model */,
				674EEEEF27A61E6500181225 /* Resources */,
				67A364E027AD4FA300939481 /* Routing */,
				674EEEF127A61E9100181225 /* Scenes */,
			);
			path = Week16;
			sourceTree = "<group>";
		};
		67AF103027A3F6EF009F6DED /* Week16Tests */ = {
			isa = PBXGroup;
			children = (
				67AF103127A3F6EF009F6DED /* Week16Tests.swift */,
			);
			path = Week16Tests;
			sourceTree = "<group>";
		};
		67AF103A27A3F6EF009F6DED /* Week16UITests */ = {
			isa = PBXGroup;
			children = (
				67AF103B27A3F6EF009F6DED /* Week16UITests.swift */,
				67AF103D27A3F6EF009F6DED /* Week16UITestsLaunchTests.swift */,
			);
			path = Week16UITests;
			sourceTree = "<group>";
		};
/* End PBXGroup section */

/* Begin PBXNativeTarget section */
		67AF101627A3F6EE009F6DED /* Week16 */ = {
			isa = PBXNativeTarget;
			buildConfigurationList = 67AF104127A3F6EF009F6DED /* Build configuration list for PBXNativeTarget "Week16" */;
			buildPhases = (
				67AF105227A3FF44009F6DED /* Run SwiftLint */,
				67AF101327A3F6EE009F6DED /* Sources */,
				67AF101427A3F6EE009F6DED /* Frameworks */,
				67AF101527A3F6EE009F6DED /* Resources */,
			);
			buildRules = (
			);
			dependencies = (
			);
			name = Week16;
			packageProductDependencies = (
				67AF104B27A3F752009F6DED /* TinyConstraints */,
				67AF104E27A3F75C009F6DED /* MobilliumBuilders */,
			);
			productName = Week16;
			productReference = 67AF101727A3F6EE009F6DED /* Week16.app */;
			productType = "com.apple.product-type.application";
		};
		67AF102C27A3F6EF009F6DED /* Week16Tests */ = {
			isa = PBXNativeTarget;
			buildConfigurationList = 67AF104427A3F6EF009F6DED /* Build configuration list for PBXNativeTarget "Week16Tests" */;
			buildPhases = (
				67AF102927A3F6EF009F6DED /* Sources */,
				67AF102A27A3F6EF009F6DED /* Frameworks */,
				67AF102B27A3F6EF009F6DED /* Resources */,
			);
			buildRules = (
			);
			dependencies = (
				67AF102F27A3F6EF009F6DED /* PBXTargetDependency */,
			);
			name = Week16Tests;
			productName = Week16Tests;
			productReference = 67AF102D27A3F6EF009F6DED /* Week16Tests.xctest */;
			productType = "com.apple.product-type.bundle.unit-test";
		};
		67AF103627A3F6EF009F6DED /* Week16UITests */ = {
			isa = PBXNativeTarget;
			buildConfigurationList = 67AF104727A3F6EF009F6DED /* Build configuration list for PBXNativeTarget "Week16UITests" */;
			buildPhases = (
				67AF103327A3F6EF009F6DED /* Sources */,
				67AF103427A3F6EF009F6DED /* Frameworks */,
				67AF103527A3F6EF009F6DED /* Resources */,
			);
			buildRules = (
			);
			dependencies = (
				67AF103927A3F6EF009F6DED /* PBXTargetDependency */,
			);
			name = Week16UITests;
			productName = Week16UITests;
			productReference = 67AF103727A3F6EF009F6DED /* Week16UITests.xctest */;
			productType = "com.apple.product-type.bundle.ui-testing";
		};
/* End PBXNativeTarget section */

/* Begin PBXProject section */
		67AF100F27A3F6EE009F6DED /* Project object */ = {
			isa = PBXProject;
			attributes = {
				BuildIndependentTargetsInParallel = 1;
				LastSwiftUpdateCheck = 1310;
				LastUpgradeCheck = 1310;
				TargetAttributes = {
					67AF101627A3F6EE009F6DED = {
						CreatedOnToolsVersion = 13.1;
					};
					67AF102C27A3F6EF009F6DED = {
						CreatedOnToolsVersion = 13.1;
						TestTargetID = 67AF101627A3F6EE009F6DED;
					};
					67AF103627A3F6EF009F6DED = {
						CreatedOnToolsVersion = 13.1;
						TestTargetID = 67AF101627A3F6EE009F6DED;
					};
				};
			};
			buildConfigurationList = 67AF101227A3F6EE009F6DED /* Build configuration list for PBXProject "Week16" */;
			compatibilityVersion = "Xcode 13.0";
			developmentRegion = en;
			hasScannedForEncodings = 0;
			knownRegions = (
				en,
				Base,
			);
			mainGroup = 67AF100E27A3F6EE009F6DED;
			packageReferences = (
				67AF104A27A3F752009F6DED /* XCRemoteSwiftPackageReference "TinyConstraints" */,
				67AF104D27A3F75C009F6DED /* XCRemoteSwiftPackageReference "MobilliumBuilders" */,
			);
			productRefGroup = 67AF101827A3F6EE009F6DED /* Products */;
			projectDirPath = "";
			projectRoot = "";
			targets = (
				67AF101627A3F6EE009F6DED /* Week16 */,
				67AF102C27A3F6EF009F6DED /* Week16Tests */,
				67AF103627A3F6EF009F6DED /* Week16UITests */,
			);
		};
/* End PBXProject section */

/* Begin PBXResourcesBuildPhase section */
		67AF101527A3F6EE009F6DED /* Resources */ = {
			isa = PBXResourcesBuildPhase;
			buildActionMask = 2147483647;
			files = (
				67AF102427A3F6EF009F6DED /* Assets.xcassets in Resources */,
			);
			runOnlyForDeploymentPostprocessing = 0;
		};
		67AF102B27A3F6EF009F6DED /* Resources */ = {
			isa = PBXResourcesBuildPhase;
			buildActionMask = 2147483647;
			files = (
			);
			runOnlyForDeploymentPostprocessing = 0;
		};
		67AF103527A3F6EF009F6DED /* Resources */ = {
			isa = PBXResourcesBuildPhase;
			buildActionMask = 2147483647;
			files = (
			);
			runOnlyForDeploymentPostprocessing = 0;
		};
/* End PBXResourcesBuildPhase section */

/* Begin PBXShellScriptBuildPhase section */
		67AF105227A3FF44009F6DED /* Run SwiftLint */ = {
			isa = PBXShellScriptBuildPhase;
			buildActionMask = 2147483647;
			files = (
			);
			inputFileListPaths = (
			);
			inputPaths = (
			);
			name = "Run SwiftLint";
			outputFileListPaths = (
			);
			outputPaths = (
			);
			runOnlyForDeploymentPostprocessing = 0;
			shellPath = /bin/sh;
			shellScript = "export PATH=\"$PATH:/opt/homebrew/bin\"\n\nif which swiftlint; then\n    swiftlint autocorrect && swiftlint\nelse\n  echo \"warning: SwiftLint not installed, download from https://github.com/realm/SwiftLint\"\nfi\n";
		};
/* End PBXShellScriptBuildPhase section */

/* Begin PBXSourcesBuildPhase section */
		67AF101327A3F6EE009F6DED /* Sources */ = {
			isa = PBXSourcesBuildPhase;
			buildActionMask = 2147483647;
			files = (
				6755280027A9D49D00F9C443 /* Transition.swift in Sources */,
				6755280227A9D49D00F9C443 /* ModalTransition.swift in Sources */,
				675527DE27A929E400F9C443 /* NoteListViewModel.swift in Sources */,
				675527E327A9893A00F9C443 /* AddNoteViewController.swift in Sources */,
				675527FD27A9D49D00F9C443 /* BaseViewController.swift in Sources */,
				674EEEFF27A68E9D00181225 /* NoteModel.swift in Sources */,
				675527FF27A9D49D00F9C443 /* PlaceOnWindowTransition.swift in Sources */,
				674EEEFA27A6501300181225 /* AlertIdentifier.swift in Sources */,
				67AF101B27A3F6EE009F6DED /* AppDelegate.swift in Sources */,
				674EEF0827A7927400181225 /* ScreenTitles.swift in Sources */,
				675527FE27A9D49D00F9C443 /* PushTransition.swift in Sources */,
				674EEF0A27A7961A00181225 /* CellIdentifier.swift in Sources */,
				675527DD27A929E400F9C443 /* NoteListViewController.swift in Sources */,
				6755280527A9D5E200F9C443 /* AddNoteRoute.swift in Sources */,
				6755280727AACFA000F9C443 /* NoteTableViewCellViewModel.swift in Sources */,
				674EEF0127A690E500181225 /* NoteTableViewCell.swift in Sources */,
				675527FC27A9D49D00F9C443 /* BaseViewModel.swift in Sources */,
				67AF101D27A3F6EE009F6DED /* SceneDelegate.swift in Sources */,
				675527DC27A929E400F9C443 /* NoteListRouter.swift in Sources */,
				6755280327A9D49D00F9C443 /* Router.swift in Sources */,
				674EEEFD27A6800A00181225 /* UINavigation+Extensions.swift in Sources */,
				674EEEF627A64F4A00181225 /* AlertViewGenerate.swift in Sources */,
				6755280127A9D49D00F9C443 /* BaseRouter.swift in Sources */,
				675527E227A9893A00F9C443 /* AddNoteRouter.swift in Sources */,
				675527FB27A9D49D00F9C443 /* Animator.swift in Sources */,
				675527E427A9893A00F9C443 /* AddNoteViewModel.swift in Sources */,
			);
			runOnlyForDeploymentPostprocessing = 0;
		};
		67AF102927A3F6EF009F6DED /* Sources */ = {
			isa = PBXSourcesBuildPhase;
			buildActionMask = 2147483647;
			files = (
				67AF103227A3F6EF009F6DED /* Week16Tests.swift in Sources */,
			);
			runOnlyForDeploymentPostprocessing = 0;
		};
		67AF103327A3F6EF009F6DED /* Sources */ = {
			isa = PBXSourcesBuildPhase;
			buildActionMask = 2147483647;
			files = (
				67AF103C27A3F6EF009F6DED /* Week16UITests.swift in Sources */,
				67AF103E27A3F6EF009F6DED /* Week16UITestsLaunchTests.swift in Sources */,
			);
			runOnlyForDeploymentPostprocessing = 0;
		};
/* End PBXSourcesBuildPhase section */

/* Begin PBXTargetDependency section */
		67AF102F27A3F6EF009F6DED /* PBXTargetDependency */ = {
			isa = PBXTargetDependency;
			target = 67AF101627A3F6EE009F6DED /* Week16 */;
			targetProxy = 67AF102E27A3F6EF009F6DED /* PBXContainerItemProxy */;
		};
		67AF103927A3F6EF009F6DED /* PBXTargetDependency */ = {
			isa = PBXTargetDependency;
			target = 67AF101627A3F6EE009F6DED /* Week16 */;
			targetProxy = 67AF103827A3F6EF009F6DED /* PBXContainerItemProxy */;
		};
/* End PBXTargetDependency section */

/* Begin XCBuildConfiguration section */
		67AF103F27A3F6EF009F6DED /* Debug */ = {
			isa = XCBuildConfiguration;
			buildSettings = {
				ALWAYS_SEARCH_USER_PATHS = NO;
				CLANG_ANALYZER_NONNULL = YES;
				CLANG_ANALYZER_NUMBER_OBJECT_CONVERSION = YES_AGGRESSIVE;
				CLANG_CXX_LANGUAGE_STANDARD = "gnu++17";
				CLANG_CXX_LIBRARY = "libc++";
				CLANG_ENABLE_MODULES = YES;
				CLANG_ENABLE_OBJC_ARC = YES;
				CLANG_ENABLE_OBJC_WEAK = YES;
				CLANG_WARN_BLOCK_CAPTURE_AUTORELEASING = YES;
				CLANG_WARN_BOOL_CONVERSION = YES;
				CLANG_WARN_COMMA = YES;
				CLANG_WARN_CONSTANT_CONVERSION = YES;
				CLANG_WARN_DEPRECATED_OBJC_IMPLEMENTATIONS = YES;
				CLANG_WARN_DIRECT_OBJC_ISA_USAGE = YES_ERROR;
				CLANG_WARN_DOCUMENTATION_COMMENTS = YES;
				CLANG_WARN_EMPTY_BODY = YES;
				CLANG_WARN_ENUM_CONVERSION = YES;
				CLANG_WARN_INFINITE_RECURSION = YES;
				CLANG_WARN_INT_CONVERSION = YES;
				CLANG_WARN_NON_LITERAL_NULL_CONVERSION = YES;
				CLANG_WARN_OBJC_IMPLICIT_RETAIN_SELF = YES;
				CLANG_WARN_OBJC_LITERAL_CONVERSION = YES;
				CLANG_WARN_OBJC_ROOT_CLASS = YES_ERROR;
				CLANG_WARN_QUOTED_INCLUDE_IN_FRAMEWORK_HEADER = YES;
				CLANG_WARN_RANGE_LOOP_ANALYSIS = YES;
				CLANG_WARN_STRICT_PROTOTYPES = YES;
				CLANG_WARN_SUSPICIOUS_MOVE = YES;
				CLANG_WARN_UNGUARDED_AVAILABILITY = YES_AGGRESSIVE;
				CLANG_WARN_UNREACHABLE_CODE = YES;
				CLANG_WARN__DUPLICATE_METHOD_MATCH = YES;
				COPY_PHASE_STRIP = NO;
				DEBUG_INFORMATION_FORMAT = dwarf;
				ENABLE_STRICT_OBJC_MSGSEND = YES;
				ENABLE_TESTABILITY = YES;
				GCC_C_LANGUAGE_STANDARD = gnu11;
				GCC_DYNAMIC_NO_PIC = NO;
				GCC_NO_COMMON_BLOCKS = YES;
				GCC_OPTIMIZATION_LEVEL = 0;
				GCC_PREPROCESSOR_DEFINITIONS = (
					"DEBUG=1",
					"$(inherited)",
				);
				GCC_WARN_64_TO_32_BIT_CONVERSION = YES;
				GCC_WARN_ABOUT_RETURN_TYPE = YES_ERROR;
				GCC_WARN_UNDECLARED_SELECTOR = YES;
				GCC_WARN_UNINITIALIZED_AUTOS = YES_AGGRESSIVE;
				GCC_WARN_UNUSED_FUNCTION = YES;
				GCC_WARN_UNUSED_VARIABLE = YES;
				IPHONEOS_DEPLOYMENT_TARGET = 15.0;
				MTL_ENABLE_DEBUG_INFO = INCLUDE_SOURCE;
				MTL_FAST_MATH = YES;
				ONLY_ACTIVE_ARCH = YES;
				SDKROOT = iphoneos;
				SWIFT_ACTIVE_COMPILATION_CONDITIONS = DEBUG;
				SWIFT_OPTIMIZATION_LEVEL = "-Onone";
			};
			name = Debug;
		};
		67AF104027A3F6EF009F6DED /* Release */ = {
			isa = XCBuildConfiguration;
			buildSettings = {
				ALWAYS_SEARCH_USER_PATHS = NO;
				CLANG_ANALYZER_NONNULL = YES;
				CLANG_ANALYZER_NUMBER_OBJECT_CONVERSION = YES_AGGRESSIVE;
				CLANG_CXX_LANGUAGE_STANDARD = "gnu++17";
				CLANG_CXX_LIBRARY = "libc++";
				CLANG_ENABLE_MODULES = YES;
				CLANG_ENABLE_OBJC_ARC = YES;
				CLANG_ENABLE_OBJC_WEAK = YES;
				CLANG_WARN_BLOCK_CAPTURE_AUTORELEASING = YES;
				CLANG_WARN_BOOL_CONVERSION = YES;
				CLANG_WARN_COMMA = YES;
				CLANG_WARN_CONSTANT_CONVERSION = YES;
				CLANG_WARN_DEPRECATED_OBJC_IMPLEMENTATIONS = YES;
				CLANG_WARN_DIRECT_OBJC_ISA_USAGE = YES_ERROR;
				CLANG_WARN_DOCUMENTATION_COMMENTS = YES;
				CLANG_WARN_EMPTY_BODY = YES;
				CLANG_WARN_ENUM_CONVERSION = YES;
				CLANG_WARN_INFINITE_RECURSION = YES;
				CLANG_WARN_INT_CONVERSION = YES;
				CLANG_WARN_NON_LITERAL_NULL_CONVERSION = YES;
				CLANG_WARN_OBJC_IMPLICIT_RETAIN_SELF = YES;
				CLANG_WARN_OBJC_LITERAL_CONVERSION = YES;
				CLANG_WARN_OBJC_ROOT_CLASS = YES_ERROR;
				CLANG_WARN_QUOTED_INCLUDE_IN_FRAMEWORK_HEADER = YES;
				CLANG_WARN_RANGE_LOOP_ANALYSIS = YES;
				CLANG_WARN_STRICT_PROTOTYPES = YES;
				CLANG_WARN_SUSPICIOUS_MOVE = YES;
				CLANG_WARN_UNGUARDED_AVAILABILITY = YES_AGGRESSIVE;
				CLANG_WARN_UNREACHABLE_CODE = YES;
				CLANG_WARN__DUPLICATE_METHOD_MATCH = YES;
				COPY_PHASE_STRIP = NO;
				DEBUG_INFORMATION_FORMAT = "dwarf-with-dsym";
				ENABLE_NS_ASSERTIONS = NO;
				ENABLE_STRICT_OBJC_MSGSEND = YES;
				GCC_C_LANGUAGE_STANDARD = gnu11;
				GCC_NO_COMMON_BLOCKS = YES;
				GCC_WARN_64_TO_32_BIT_CONVERSION = YES;
				GCC_WARN_ABOUT_RETURN_TYPE = YES_ERROR;
				GCC_WARN_UNDECLARED_SELECTOR = YES;
				GCC_WARN_UNINITIALIZED_AUTOS = YES_AGGRESSIVE;
				GCC_WARN_UNUSED_FUNCTION = YES;
				GCC_WARN_UNUSED_VARIABLE = YES;
				IPHONEOS_DEPLOYMENT_TARGET = 15.0;
				MTL_ENABLE_DEBUG_INFO = NO;
				MTL_FAST_MATH = YES;
				SDKROOT = iphoneos;
				SWIFT_COMPILATION_MODE = wholemodule;
				SWIFT_OPTIMIZATION_LEVEL = "-O";
				VALIDATE_PRODUCT = YES;
			};
			name = Release;
		};
		67AF104227A3F6EF009F6DED /* Debug */ = {
			isa = XCBuildConfiguration;
			buildSettings = {
				ASSETCATALOG_COMPILER_APPICON_NAME = AppIcon;
				ASSETCATALOG_COMPILER_GLOBAL_ACCENT_COLOR_NAME = AccentColor;
				CODE_SIGN_STYLE = Automatic;
				CURRENT_PROJECT_VERSION = 1;
				DEVELOPMENT_TEAM = BNK334U5U9;
				GENERATE_INFOPLIST_FILE = YES;
				INFOPLIST_FILE = Week16/Configurations/Release/Info.plist;
				INFOPLIST_KEY_UIApplicationSupportsIndirectInputEvents = YES;
				INFOPLIST_KEY_UILaunchStoryboardName = "";
				INFOPLIST_KEY_UISupportedInterfaceOrientations_iPad = "UIInterfaceOrientationPortrait UIInterfaceOrientationPortraitUpsideDown UIInterfaceOrientationLandscapeLeft UIInterfaceOrientationLandscapeRight";
				INFOPLIST_KEY_UISupportedInterfaceOrientations_iPhone = "UIInterfaceOrientationPortrait UIInterfaceOrientationLandscapeLeft UIInterfaceOrientationLandscapeRight";
				LD_RUNPATH_SEARCH_PATHS = (
					"$(inherited)",
					"@executable_path/Frameworks",
				);
				MARKETING_VERSION = 1.0;
				PRODUCT_BUNDLE_IDENTIFIER = com.mehmetsalihcelik.Week16;
				PRODUCT_NAME = "$(TARGET_NAME)";
				SWIFT_EMIT_LOC_STRINGS = YES;
				SWIFT_VERSION = 5.0;
				TARGETED_DEVICE_FAMILY = "1,2";
			};
			name = Debug;
		};
		67AF104327A3F6EF009F6DED /* Release */ = {
			isa = XCBuildConfiguration;
			buildSettings = {
				ASSETCATALOG_COMPILER_APPICON_NAME = AppIcon;
				ASSETCATALOG_COMPILER_GLOBAL_ACCENT_COLOR_NAME = AccentColor;
				CODE_SIGN_STYLE = Automatic;
				CURRENT_PROJECT_VERSION = 1;
				DEVELOPMENT_TEAM = BNK334U5U9;
				GENERATE_INFOPLIST_FILE = YES;
				INFOPLIST_FILE = Week16/Configurations/Release/Info.plist;
				INFOPLIST_KEY_UIApplicationSupportsIndirectInputEvents = YES;
				INFOPLIST_KEY_UILaunchStoryboardName = "";
				INFOPLIST_KEY_UISupportedInterfaceOrientations_iPad = "UIInterfaceOrientationPortrait UIInterfaceOrientationPortraitUpsideDown UIInterfaceOrientationLandscapeLeft UIInterfaceOrientationLandscapeRight";
				INFOPLIST_KEY_UISupportedInterfaceOrientations_iPhone = "UIInterfaceOrientationPortrait UIInterfaceOrientationLandscapeLeft UIInterfaceOrientationLandscapeRight";
				LD_RUNPATH_SEARCH_PATHS = (
					"$(inherited)",
					"@executable_path/Frameworks",
				);
				MARKETING_VERSION = 1.0;
				PRODUCT_BUNDLE_IDENTIFIER = com.mehmetsalihcelik.Week16;
				PRODUCT_NAME = "$(TARGET_NAME)";
				SWIFT_EMIT_LOC_STRINGS = YES;
				SWIFT_VERSION = 5.0;
				TARGETED_DEVICE_FAMILY = "1,2";
			};
			name = Release;
		};
		67AF104527A3F6EF009F6DED /* Debug */ = {
			isa = XCBuildConfiguration;
			buildSettings = {
				ALWAYS_EMBED_SWIFT_STANDARD_LIBRARIES = YES;
				BUNDLE_LOADER = "$(TEST_HOST)";
				CODE_SIGN_STYLE = Automatic;
				CURRENT_PROJECT_VERSION = 1;
				DEVELOPMENT_TEAM = BNK334U5U9;
				GENERATE_INFOPLIST_FILE = YES;
				IPHONEOS_DEPLOYMENT_TARGET = 15.0;
				LD_RUNPATH_SEARCH_PATHS = (
					"$(inherited)",
					"@executable_path/Frameworks",
					"@loader_path/Frameworks",
				);
				MARKETING_VERSION = 1.0;
				PRODUCT_BUNDLE_IDENTIFIER = com.mehmetsalihcelik.Week16Tests;
				PRODUCT_NAME = "$(TARGET_NAME)";
				SWIFT_EMIT_LOC_STRINGS = NO;
				SWIFT_VERSION = 5.0;
				TARGETED_DEVICE_FAMILY = "1,2";
				TEST_HOST = "$(BUILT_PRODUCTS_DIR)/Week16.app/Week16";
			};
			name = Debug;
		};
		67AF104627A3F6EF009F6DED /* Release */ = {
			isa = XCBuildConfiguration;
			buildSettings = {
				ALWAYS_EMBED_SWIFT_STANDARD_LIBRARIES = YES;
				BUNDLE_LOADER = "$(TEST_HOST)";
				CODE_SIGN_STYLE = Automatic;
				CURRENT_PROJECT_VERSION = 1;
				DEVELOPMENT_TEAM = BNK334U5U9;
				GENERATE_INFOPLIST_FILE = YES;
				IPHONEOS_DEPLOYMENT_TARGET = 15.0;
				LD_RUNPATH_SEARCH_PATHS = (
					"$(inherited)",
					"@executable_path/Frameworks",
					"@loader_path/Frameworks",
				);
				MARKETING_VERSION = 1.0;
				PRODUCT_BUNDLE_IDENTIFIER = com.mehmetsalihcelik.Week16Tests;
				PRODUCT_NAME = "$(TARGET_NAME)";
				SWIFT_EMIT_LOC_STRINGS = NO;
				SWIFT_VERSION = 5.0;
				TARGETED_DEVICE_FAMILY = "1,2";
				TEST_HOST = "$(BUILT_PRODUCTS_DIR)/Week16.app/Week16";
			};
			name = Release;
		};
		67AF104827A3F6EF009F6DED /* Debug */ = {
			isa = XCBuildConfiguration;
			buildSettings = {
				ALWAYS_EMBED_SWIFT_STANDARD_LIBRARIES = YES;
				CODE_SIGN_STYLE = Automatic;
				CURRENT_PROJECT_VERSION = 1;
				DEVELOPMENT_TEAM = BNK334U5U9;
				GENERATE_INFOPLIST_FILE = YES;
				LD_RUNPATH_SEARCH_PATHS = (
					"$(inherited)",
					"@executable_path/Frameworks",
					"@loader_path/Frameworks",
				);
				MARKETING_VERSION = 1.0;
				PRODUCT_BUNDLE_IDENTIFIER = com.mehmetsalihcelik.Week16UITests;
				PRODUCT_NAME = "$(TARGET_NAME)";
				SWIFT_EMIT_LOC_STRINGS = NO;
				SWIFT_VERSION = 5.0;
				TARGETED_DEVICE_FAMILY = "1,2";
				TEST_TARGET_NAME = Week16;
			};
			name = Debug;
		};
		67AF104927A3F6EF009F6DED /* Release */ = {
			isa = XCBuildConfiguration;
			buildSettings = {
				ALWAYS_EMBED_SWIFT_STANDARD_LIBRARIES = YES;
				CODE_SIGN_STYLE = Automatic;
				CURRENT_PROJECT_VERSION = 1;
				DEVELOPMENT_TEAM = BNK334U5U9;
				GENERATE_INFOPLIST_FILE = YES;
				LD_RUNPATH_SEARCH_PATHS = (
					"$(inherited)",
					"@executable_path/Frameworks",
					"@loader_path/Frameworks",
				);
				MARKETING_VERSION = 1.0;
				PRODUCT_BUNDLE_IDENTIFIER = com.mehmetsalihcelik.Week16UITests;
				PRODUCT_NAME = "$(TARGET_NAME)";
				SWIFT_EMIT_LOC_STRINGS = NO;
				SWIFT_VERSION = 5.0;
				TARGETED_DEVICE_FAMILY = "1,2";
				TEST_TARGET_NAME = Week16;
			};
			name = Release;
		};
/* End XCBuildConfiguration section */

/* Begin XCConfigurationList section */
		67AF101227A3F6EE009F6DED /* Build configuration list for PBXProject "Week16" */ = {
			isa = XCConfigurationList;
			buildConfigurations = (
				67AF103F27A3F6EF009F6DED /* Debug */,
				67AF104027A3F6EF009F6DED /* Release */,
			);
			defaultConfigurationIsVisible = 0;
			defaultConfigurationName = Release;
		};
		67AF104127A3F6EF009F6DED /* Build configuration list for PBXNativeTarget "Week16" */ = {
			isa = XCConfigurationList;
			buildConfigurations = (
				67AF104227A3F6EF009F6DED /* Debug */,
				67AF104327A3F6EF009F6DED /* Release */,
			);
			defaultConfigurationIsVisible = 0;
			defaultConfigurationName = Release;
		};
		67AF104427A3F6EF009F6DED /* Build configuration list for PBXNativeTarget "Week16Tests" */ = {
			isa = XCConfigurationList;
			buildConfigurations = (
				67AF104527A3F6EF009F6DED /* Debug */,
				67AF104627A3F6EF009F6DED /* Release */,
			);
			defaultConfigurationIsVisible = 0;
			defaultConfigurationName = Release;
		};
		67AF104727A3F6EF009F6DED /* Build configuration list for PBXNativeTarget "Week16UITests" */ = {
			isa = XCConfigurationList;
			buildConfigurations = (
				67AF104827A3F6EF009F6DED /* Debug */,
				67AF104927A3F6EF009F6DED /* Release */,
			);
			defaultConfigurationIsVisible = 0;
			defaultConfigurationName = Release;
		};
/* End XCConfigurationList section */

/* Begin XCRemoteSwiftPackageReference section */
		67AF104A27A3F752009F6DED /* XCRemoteSwiftPackageReference "TinyConstraints" */ = {
			isa = XCRemoteSwiftPackageReference;
			repositoryURL = "https://github.com/roberthein/TinyConstraints.git";
			requirement = {
				kind = upToNextMajorVersion;
				minimumVersion = 4.0.0;
			};
		};
		67AF104D27A3F75C009F6DED /* XCRemoteSwiftPackageReference "MobilliumBuilders" */ = {
			isa = XCRemoteSwiftPackageReference;
			repositoryURL = "https://github.com/mobillium/MobilliumBuilders.git";
			requirement = {
				branch = master;
				kind = branch;
			};
		};
/* End XCRemoteSwiftPackageReference section */

/* Begin XCSwiftPackageProductDependency section */
		67AF104B27A3F752009F6DED /* TinyConstraints */ = {
			isa = XCSwiftPackageProductDependency;
			package = 67AF104A27A3F752009F6DED /* XCRemoteSwiftPackageReference "TinyConstraints" */;
			productName = TinyConstraints;
		};
		67AF104E27A3F75C009F6DED /* MobilliumBuilders */ = {
			isa = XCSwiftPackageProductDependency;
			package = 67AF104D27A3F75C009F6DED /* XCRemoteSwiftPackageReference "MobilliumBuilders" */;
			productName = MobilliumBuilders;
		};
/* End XCSwiftPackageProductDependency section */
	};
	rootObject = 67AF100F27A3F6EE009F6DED /* Project object */;
}
